
Microsoft Visual Studio Solution File, Format Version 12.00
# Visual Studio 15
VisualStudioVersion = 15.0.27130.2027
MinimumVisualStudioVersion = 10.0.40219.1
Project("{9A19103F-16F7-4668-BE54-9A1E7A4F7556}") = "BankAccount", "Bank Account\BankAccount.csproj", "{EFF0AE4E-2D6A-42AF-B8AA-03C64FE671D0}"
EndProject
Project("{9A19103F-16F7-4668-BE54-9A1E7A4F7556}") = "BankAccountMethods", "BankAccountMethods\BankAccountMethods.csproj", "{B2D01326-2EC0-49CD-B9D5-434687A70677}"
EndProject
Project("{9A19103F-16F7-4668-BE54-9A1E7A4F7556}") = "Test Client", "Test Client\Test Client.csproj", "{B1DDC81C-02A6-491A-95B6-10B709D92588}"
EndProject
Project("{9A19103F-16F7-4668-BE54-9A1E7A4F7556}") = "PersonClass", "PersonClass\PersonClass.csproj", "{2A6180C6-633A-45AC-A399-508AB92F84A5}"
EndProject
Global
	GlobalSection(SolutionConfigurationPlatforms) = preSolution
		Debug|Any CPU = Debug|Any CPU
		Release|Any CPU = Release|Any CPU
	EndGlobalSection
	GlobalSection(ProjectConfigurationPlatforms) = postSolution
		{EFF0AE4E-2D6A-42AF-B8AA-03C64FE671D0}.Debug|Any CPU.ActiveCfg = Debug|Any CPU
		{EFF0AE4E-2D6A-42AF-B8AA-03C64FE671D0}.Debug|Any CPU.Build.0 = Debug|Any CPU
		{EFF0AE4E-2D6A-42AF-B8AA-03C64FE671D0}.Release|Any CPU.ActiveCfg = Release|Any CPU
		{EFF0AE4E-2D6A-42AF-B8AA-03C64FE671D0}.Release|Any CPU.Build.0 = Release|Any CPU
		{B2D01326-2EC0-49CD-B9D5-434687A70677}.Debug|Any CPU.ActiveCfg = Debug|Any CPU
		{B2D01326-2EC0-49CD-B9D5-434687A70677}.Debug|Any CPU.Build.0 = Debug|Any CPU
		{B2D01326-2EC0-49CD-B9D5-434687A70677}.Release|Any CPU.ActiveCfg = Release|Any CPU
		{B2D01326-2EC0-49CD-B9D5-434687A70677}.Release|Any CPU.Build.0 = Release|Any CPU
		{B1DDC81C-02A6-491A-95B6-10B709D92588}.Debug|Any CPU.ActiveCfg = Debug|Any CPU
		{B1DDC81C-02A6-491A-95B6-10B709D92588}.Debug|Any CPU.Build.0 = Debug|Any CPU
		{B1DDC81C-02A6-491A-95B6-10B709D92588}.Release|Any CPU.ActiveCfg = Release|Any CPU
		{B1DDC81C-02A6-491A-95B6-10B709D92588}.Release|Any CPU.Build.0 = Release|Any CPU
		{2A6180C6-633A-45AC-A399-508AB92F84A5}.Debug|Any CPU.ActiveCfg = Debug|Any CPU
		{2A6180C6-633A-45AC-A399-508AB92F84A5}.Debug|Any CPU.Build.0 = Debug|Any CPU
		{2A6180C6-633A-45AC-A399-508AB92F84A5}.Release|Any CPU.ActiveCfg = Release|Any CPU
		{2A6180C6-633A-45AC-A399-508AB92F84A5}.Release|Any CPU.Build.0 = Release|Any CPU
	EndGlobalSection
	GlobalSection(SolutionProperties) = preSolution
		HideSolutionNode = FALSE
	EndGlobalSection
	GlobalSection(ExtensibilityGlobals) = postSolution
		SolutionGuid = {509F4010-AF11-47DB-A96E-9D84BD64E3AB}
	EndGlobalSection
EndGlobal
