
Microsoft Visual Studio Solution File, Format Version 12.00
# Visual Studio 15
VisualStudioVersion = 15.0.27130.2027
MinimumVisualStudioVersion = 10.0.40219.1
Project("{FAE04EC0-301F-11D3-BF4B-00C04F79EFBC}") = "NeedForSpeed", "NeedForSpeed\NeedForSpeed.csproj", "{56978CE3-B1C1-4E73-A8AE-FCBB43010AE6}"
EndProject
Global
	GlobalSection(SolutionConfigurationPlatforms) = preSolution
		Debug|Any CPU = Debug|Any CPU
		Release|Any CPU = Release|Any CPU
	EndGlobalSection
	GlobalSection(ProjectConfigurationPlatforms) = postSolution
		{56978CE3-B1C1-4E73-A8AE-FCBB43010AE6}.Debug|Any CPU.ActiveCfg = Debug|Any CPU
		{56978CE3-B1C1-4E73-A8AE-FCBB43010AE6}.Debug|Any CPU.Build.0 = Debug|Any CPU
		{56978CE3-B1C1-4E73-A8AE-FCBB43010AE6}.Release|Any CPU.ActiveCfg = Release|Any CPU
		{56978CE3-B1C1-4E73-A8AE-FCBB43010AE6}.Release|Any CPU.Build.0 = Release|Any CPU
	EndGlobalSection
	GlobalSection(SolutionProperties) = preSolution
		HideSolutionNode = FALSE
	EndGlobalSection
	GlobalSection(ExtensibilityGlobals) = postSolution
		SolutionGuid = {D5B821BA-54F7-4B82-B136-E3EC7D7FB88C}
	EndGlobalSection
EndGlobal
