
Microsoft Visual Studio Solution File, Format Version 12.00
# Visual Studio 15
VisualStudioVersion = 15.0.27130.2027
MinimumVisualStudioVersion = 10.0.40219.1
Project("{FAE04EC0-301F-11D3-BF4B-00C04F79EFBC}") = "Avatar", "Avatar\Avatar.csproj", "{D41939C8-ABB2-439C-AD1A-74FB1EE46E02}"
EndProject
Global
	GlobalSection(SolutionConfigurationPlatforms) = preSolution
		Debug|Any CPU = Debug|Any CPU
		Release|Any CPU = Release|Any CPU
	EndGlobalSection
	GlobalSection(ProjectConfigurationPlatforms) = postSolution
		{D41939C8-ABB2-439C-AD1A-74FB1EE46E02}.Debug|Any CPU.ActiveCfg = Debug|Any CPU
		{D41939C8-ABB2-439C-AD1A-74FB1EE46E02}.Debug|Any CPU.Build.0 = Debug|Any CPU
		{D41939C8-ABB2-439C-AD1A-74FB1EE46E02}.Release|Any CPU.ActiveCfg = Release|Any CPU
		{D41939C8-ABB2-439C-AD1A-74FB1EE46E02}.Release|Any CPU.Build.0 = Release|Any CPU
	EndGlobalSection
	GlobalSection(SolutionProperties) = preSolution
		HideSolutionNode = FALSE
	EndGlobalSection
	GlobalSection(ExtensibilityGlobals) = postSolution
		SolutionGuid = {59DCC10A-5861-4C99-9F37-60FCCD1FCDB1}
	EndGlobalSection
EndGlobal
