
Microsoft Visual Studio Solution File, Format Version 12.00
# Visual Studio 15
VisualStudioVersion = 15.0.27130.2027
MinimumVisualStudioVersion = 10.0.40219.1
Project("{FAE04EC0-301F-11D3-BF4B-00C04F79EFBC}") = "GrandPrix5September2017", "GrandPrix 5 September 2017\GrandPrix5September2017.csproj", "{C5C2D6D1-9C6C-4F40-901A-E19A13FDC888}"
EndProject
Global
	GlobalSection(SolutionConfigurationPlatforms) = preSolution
		Debug|Any CPU = Debug|Any CPU
		Release|Any CPU = Release|Any CPU
	EndGlobalSection
	GlobalSection(ProjectConfigurationPlatforms) = postSolution
		{C5C2D6D1-9C6C-4F40-901A-E19A13FDC888}.Debug|Any CPU.ActiveCfg = Debug|Any CPU
		{C5C2D6D1-9C6C-4F40-901A-E19A13FDC888}.Debug|Any CPU.Build.0 = Debug|Any CPU
		{C5C2D6D1-9C6C-4F40-901A-E19A13FDC888}.Release|Any CPU.ActiveCfg = Release|Any CPU
		{C5C2D6D1-9C6C-4F40-901A-E19A13FDC888}.Release|Any CPU.Build.0 = Release|Any CPU
	EndGlobalSection
	GlobalSection(SolutionProperties) = preSolution
		HideSolutionNode = FALSE
	EndGlobalSection
	GlobalSection(ExtensibilityGlobals) = postSolution
		SolutionGuid = {C0021FED-BF7C-4878-B868-9540EF5A32DE}
	EndGlobalSection
EndGlobal
